
Microsoft Visual Studio Solution File, Format Version 12.00
# Visual Studio Version 16
VisualStudioVersion = 16.0.28922.388
MinimumVisualStudioVersion = 10.0.40219.1
Project("{FAE04EC0-301F-11D3-BF4B-00C04F79EFBC}") = "ConsolePrj1", "ConsolePrj1\ConsolePrj1.csproj", "{12799663-7297-4874-B8D9-C7FFC690D4B2}"
EndProject
Project("{FAE04EC0-301F-11D3-BF4B-00C04F79EFBC}") = "ConsolePrj2", "..\ConsolePrj2\ConsolePrj2\ConsolePrj2.csproj", "{A8E5D458-E117-4340-ABEE-1AB20F1627C9}"
EndProject
Project("{FAE04EC0-301F-11D3-BF4B-00C04F79EFBC}") = "LibPrj3", "..\LibPrj3\LibPrj3\LibPrj3.csproj", "{620C5D17-A528-46A0-A6B8-3E10414B1241}"
EndProject
Global
	GlobalSection(SolutionConfigurationPlatforms) = preSolution
		Debug|Any CPU = Debug|Any CPU
		Release|Any CPU = Release|Any CPU
	EndGlobalSection
	GlobalSection(ProjectConfigurationPlatforms) = postSolution
		{12799663-7297-4874-B8D9-C7FFC690D4B2}.Debug|Any CPU.ActiveCfg = Debug|Any CPU
		{12799663-7297-4874-B8D9-C7FFC690D4B2}.Debug|Any CPU.Build.0 = Debug|Any CPU
		{12799663-7297-4874-B8D9-C7FFC690D4B2}.Release|Any CPU.ActiveCfg = Release|Any CPU
		{12799663-7297-4874-B8D9-C7FFC690D4B2}.Release|Any CPU.Build.0 = Release|Any CPU
		{A8E5D458-E117-4340-ABEE-1AB20F1627C9}.Debug|Any CPU.ActiveCfg = Debug|Any CPU
		{A8E5D458-E117-4340-ABEE-1AB20F1627C9}.Debug|Any CPU.Build.0 = Debug|Any CPU
		{A8E5D458-E117-4340-ABEE-1AB20F1627C9}.Release|Any CPU.ActiveCfg = Release|Any CPU
		{A8E5D458-E117-4340-ABEE-1AB20F1627C9}.Release|Any CPU.Build.0 = Release|Any CPU
		{620C5D17-A528-46A0-A6B8-3E10414B1241}.Debug|Any CPU.ActiveCfg = Debug|Any CPU
		{620C5D17-A528-46A0-A6B8-3E10414B1241}.Debug|Any CPU.Build.0 = Debug|Any CPU
		{620C5D17-A528-46A0-A6B8-3E10414B1241}.Release|Any CPU.ActiveCfg = Release|Any CPU
		{620C5D17-A528-46A0-A6B8-3E10414B1241}.Release|Any CPU.Build.0 = Release|Any CPU
	EndGlobalSection
	GlobalSection(SolutionProperties) = preSolution
		HideSolutionNode = FALSE
	EndGlobalSection
	GlobalSection(ExtensibilityGlobals) = postSolution
		SolutionGuid = {2CBDEAA1-52BF-4830-9C86-AD6F6E2EB75C}
	EndGlobalSection
EndGlobal
